
Microsoft Visual Studio Solution File, Format Version 12.00
# Visual Studio 15
Project("{FAE04EC0-301F-11D3-BF4B-00C04F79EFBC}") = "Guess-the-Number", "Guess-the-Number.csproj", "{735BD1DD-FDE6-4F97-A716-C7372D25C69B}"
EndProject
Global
	GlobalSection(SolutionConfigurationPlatforms) = preSolution
		Debug|Any CPU = Debug|Any CPU
		Release|Any CPU = Release|Any CPU
	EndGlobalSection
	GlobalSection(ProjectConfigurationPlatforms) = postSolution
		{735BD1DD-FDE6-4F97-A716-C7372D25C69B}.Debug|Any CPU.ActiveCfg = Debug|Any CPU
		{735BD1DD-FDE6-4F97-A716-C7372D25C69B}.Debug|Any CPU.Build.0 = Debug|Any CPU
		{735BD1DD-FDE6-4F97-A716-C7372D25C69B}.Release|Any CPU.ActiveCfg = Release|Any CPU
		{735BD1DD-FDE6-4F97-A716-C7372D25C69B}.Release|Any CPU.Build.0 = Release|Any CPU
	EndGlobalSection
EndGlobal
